// !$*UTF8*$!
{
	archiveVersion = 1;
	classes = {
	};
	objectVersion = 55;
	objects = {

/* Begin PBXBuildFile section */
		75070DD428AC703600C962BE /* styles.jpeg in Resources */ = {isa = PBXBuildFile; fileRef = 75070DD328AC703600C962BE /* styles.jpeg */; };
		75070DD628AC716200C962BE /* stylesEdit.jpeg in Resources */ = {isa = PBXBuildFile; fileRef = 75070DD528AC716200C962BE /* stylesEdit.jpeg */; };
		756C0A8028974A40004E91CA /* FigmaDesignApp.swift in Sources */ = {isa = PBXBuildFile; fileRef = 756C0A7F28974A40004E91CA /* FigmaDesignApp.swift */; };
		756C0A8228974A40004E91CA /* FigmaDesignDocument.swift in Sources */ = {isa = PBXBuildFile; fileRef = 756C0A8128974A40004E91CA /* FigmaDesignDocument.swift */; };
		756C0A8428974A40004E91CA /* ContentView.swift in Sources */ = {isa = PBXBuildFile; fileRef = 756C0A8328974A40004E91CA /* ContentView.swift */; };
		756C0A8628974A40004E91CA /* Assets.xcassets in Resources */ = {isa = PBXBuildFile; fileRef = 756C0A8528974A40004E91CA /* Assets.xcassets */; };
		756C0A8928974A40004E91CA /* Preview Assets.xcassets in Resources */ = {isa = PBXBuildFile; fileRef = 756C0A8828974A40004E91CA /* Preview Assets.xcassets */; };
		756C0A9328974BB7004E91CA /* standardGrid.jpeg in Resources */ = {isa = PBXBuildFile; fileRef = 756C0A9228974BB7004E91CA /* standardGrid.jpeg */; };
		756C0A9528974C6D004E91CA /* standardRowsGrid.jpeg in Resources */ = {isa = PBXBuildFile; fileRef = 756C0A9428974C6D004E91CA /* standardRowsGrid.jpeg */; };
		756C0A9728974F10004E91CA /* polygonTool.jpeg in Resources */ = {isa = PBXBuildFile; fileRef = 756C0A9628974F10004E91CA /* polygonTool.jpeg */; };
		757CACF128AF02FC00B967AF /* plugins.jpeg in Resources */ = {isa = PBXBuildFile; fileRef = 757CACF028AF02FC00B967AF /* plugins.jpeg */; };
		757CACF328AF034D00B967AF /* icons8_ios.jpeg in Resources */ = {isa = PBXBuildFile; fileRef = 757CACF228AF034D00B967AF /* icons8_ios.jpeg */; };
		757CACF528AF080300B967AF /* buttonExample.jpeg in Resources */ = {isa = PBXBuildFile; fileRef = 757CACF428AF080300B967AF /* buttonExample.jpeg */; };
		757CACF728AF0BB400B967AF /* ios15_ui_kit.jpeg in Resources */ = {isa = PBXBuildFile; fileRef = 757CACF628AF0BB400B967AF /* ios15_ui_kit.jpeg */; };
/* End PBXBuildFile section */

/* Begin PBXFileReference section */
		75070DD328AC703600C962BE /* styles.jpeg */ = {isa = PBXFileReference; lastKnownFileType = image.jpeg; path = styles.jpeg; sourceTree = "<group>"; };
		75070DD528AC716200C962BE /* stylesEdit.jpeg */ = {isa = PBXFileReference; lastKnownFileType = image.jpeg; path = stylesEdit.jpeg; sourceTree = "<group>"; };
		756C0A7C28974A40004E91CA /* FigmaDesign.app */ = {isa = PBXFileReference; explicitFileType = wrapper.application; includeInIndex = 0; path = FigmaDesign.app; sourceTree = BUILT_PRODUCTS_DIR; };
		756C0A7F28974A40004E91CA /* FigmaDesignApp.swift */ = {isa = PBXFileReference; lastKnownFileType = sourcecode.swift; path = FigmaDesignApp.swift; sourceTree = "<group>"; };
		756C0A8128974A40004E91CA /* FigmaDesignDocument.swift */ = {isa = PBXFileReference; lastKnownFileType = sourcecode.swift; path = FigmaDesignDocument.swift; sourceTree = "<group>"; };
		756C0A8328974A40004E91CA /* ContentView.swift */ = {isa = PBXFileReference; lastKnownFileType = sourcecode.swift; path = ContentView.swift; sourceTree = "<group>"; };
		756C0A8528974A40004E91CA /* Assets.xcassets */ = {isa = PBXFileReference; lastKnownFileType = folder.assetcatalog; path = Assets.xcassets; sourceTree = "<group>"; };
		756C0A8828974A40004E91CA /* Preview Assets.xcassets */ = {isa = PBXFileReference; lastKnownFileType = folder.assetcatalog; path = "Preview Assets.xcassets"; sourceTree = "<group>"; };
		756C0A8A28974A40004E91CA /* Info.plist */ = {isa = PBXFileReference; lastKnownFileType = text.plist.xml; path = Info.plist; sourceTree = "<group>"; };
		756C0A9028974A63004E91CA /* README.md */ = {isa = PBXFileReference; lastKnownFileType = net.daringfireball.markdown; path = README.md; sourceTree = "<group>"; };
		756C0A9228974BB7004E91CA /* standardGrid.jpeg */ = {isa = PBXFileReference; lastKnownFileType = image.jpeg; path = standardGrid.jpeg; sourceTree = "<group>"; };
		756C0A9428974C6D004E91CA /* standardRowsGrid.jpeg */ = {isa = PBXFileReference; lastKnownFileType = image.jpeg; path = standardRowsGrid.jpeg; sourceTree = "<group>"; };
		756C0A9628974F10004E91CA /* polygonTool.jpeg */ = {isa = PBXFileReference; lastKnownFileType = image.jpeg; path = polygonTool.jpeg; sourceTree = "<group>"; };
		757CACF028AF02FC00B967AF /* plugins.jpeg */ = {isa = PBXFileReference; lastKnownFileType = image.jpeg; path = plugins.jpeg; sourceTree = "<group>"; };
		757CACF228AF034D00B967AF /* icons8_ios.jpeg */ = {isa = PBXFileReference; lastKnownFileType = image.jpeg; path = icons8_ios.jpeg; sourceTree = "<group>"; };
		757CACF428AF080300B967AF /* buttonExample.jpeg */ = {isa = PBXFileReference; lastKnownFileType = image.jpeg; path = buttonExample.jpeg; sourceTree = "<group>"; };
		757CACF628AF0BB400B967AF /* ios15_ui_kit.jpeg */ = {isa = PBXFileReference; lastKnownFileType = image.jpeg; path = ios15_ui_kit.jpeg; sourceTree = "<group>"; };
/* End PBXFileReference section */

/* Begin PBXFrameworksBuildPhase section */
		756C0A7928974A40004E91CA /* Frameworks */ = {
			isa = PBXFrameworksBuildPhase;
			buildActionMask = 2147483647;
			files = (
			);
			runOnlyForDeploymentPostprocessing = 0;
		};
/* End PBXFrameworksBuildPhase section */

/* Begin PBXGroup section */
		756C0A7328974A40004E91CA = {
			isa = PBXGroup;
			children = (
				756C0A9028974A63004E91CA /* README.md */,
				756C0A9128974AE4004E91CA /* img */,
				756C0A7E28974A40004E91CA /* FigmaDesign */,
				756C0A7D28974A40004E91CA /* Products */,
			);
			sourceTree = "<group>";
		};
		756C0A7D28974A40004E91CA /* Products */ = {
			isa = PBXGroup;
			children = (
				756C0A7C28974A40004E91CA /* FigmaDesign.app */,
			);
			name = Products;
			sourceTree = "<group>";
		};
		756C0A7E28974A40004E91CA /* FigmaDesign */ = {
			isa = PBXGroup;
			children = (
				756C0A7F28974A40004E91CA /* FigmaDesignApp.swift */,
				756C0A8128974A40004E91CA /* FigmaDesignDocument.swift */,
				756C0A8328974A40004E91CA /* ContentView.swift */,
				756C0A8528974A40004E91CA /* Assets.xcassets */,
				756C0A8A28974A40004E91CA /* Info.plist */,
				756C0A8728974A40004E91CA /* Preview Content */,
			);
			path = FigmaDesign;
			sourceTree = "<group>";
		};
		756C0A8728974A40004E91CA /* Preview Content */ = {
			isa = PBXGroup;
			children = (
				756C0A8828974A40004E91CA /* Preview Assets.xcassets */,
			);
			path = "Preview Content";
			sourceTree = "<group>";
		};
		756C0A9128974AE4004E91CA /* img */ = {
			isa = PBXGroup;
			children = (
				75070DD528AC716200C962BE /* stylesEdit.jpeg */,
				757CACF628AF0BB400B967AF /* ios15_ui_kit.jpeg */,
				757CACF428AF080300B967AF /* buttonExample.jpeg */,
				757CACF028AF02FC00B967AF /* plugins.jpeg */,
				757CACF228AF034D00B967AF /* icons8_ios.jpeg */,
				756C0A9628974F10004E91CA /* polygonTool.jpeg */,
				75070DD328AC703600C962BE /* styles.jpeg */,
				756C0A9228974BB7004E91CA /* standardGrid.jpeg */,
				756C0A9428974C6D004E91CA /* standardRowsGrid.jpeg */,
			);
			path = img;
			sourceTree = "<group>";
		};
/* End PBXGroup section */

/* Begin PBXNativeTarget section */
		756C0A7B28974A40004E91CA /* FigmaDesign */ = {
			isa = PBXNativeTarget;
			buildConfigurationList = 756C0A8D28974A40004E91CA /* Build configuration list for PBXNativeTarget "FigmaDesign" */;
			buildPhases = (
				756C0A7828974A40004E91CA /* Sources */,
				756C0A7928974A40004E91CA /* Frameworks */,
				756C0A7A28974A40004E91CA /* Resources */,
			);
			buildRules = (
			);
			dependencies = (
			);
			name = FigmaDesign;
			productName = FigmaDesign;
			productReference = 756C0A7C28974A40004E91CA /* FigmaDesign.app */;
			productType = "com.apple.product-type.application";
		};
/* End PBXNativeTarget section */

/* Begin PBXProject section */
		756C0A7428974A40004E91CA /* Project object */ = {
			isa = PBXProject;
			attributes = {
				BuildIndependentTargetsInParallel = 1;
				LastSwiftUpdateCheck = 1320;
				LastUpgradeCheck = 1320;
				TargetAttributes = {
					756C0A7B28974A40004E91CA = {
						CreatedOnToolsVersion = 13.2.1;
					};
				};
			};
			buildConfigurationList = 756C0A7728974A40004E91CA /* Build configuration list for PBXProject "FigmaDesign" */;
			compatibilityVersion = "Xcode 13.0";
			developmentRegion = en;
			hasScannedForEncodings = 0;
			knownRegions = (
				en,
				Base,
			);
			mainGroup = 756C0A7328974A40004E91CA;
			productRefGroup = 756C0A7D28974A40004E91CA /* Products */;
			projectDirPath = "";
			projectRoot = "";
			targets = (
				756C0A7B28974A40004E91CA /* FigmaDesign */,
			);
		};
/* End PBXProject section */

/* Begin PBXResourcesBuildPhase section */
		756C0A7A28974A40004E91CA /* Resources */ = {
			isa = PBXResourcesBuildPhase;
			buildActionMask = 2147483647;
			files = (
				756C0A8928974A40004E91CA /* Preview Assets.xcassets in Resources */,
				75070DD428AC703600C962BE /* styles.jpeg in Resources */,
				757CACF328AF034D00B967AF /* icons8_ios.jpeg in Resources */,
				757CACF728AF0BB400B967AF /* ios15_ui_kit.jpeg in Resources */,
				757CACF128AF02FC00B967AF /* plugins.jpeg in Resources */,
				756C0A8628974A40004E91CA /* Assets.xcassets in Resources */,
				75070DD628AC716200C962BE /* stylesEdit.jpeg in Resources */,
				756C0A9328974BB7004E91CA /* standardGrid.jpeg in Resources */,
				756C0A9528974C6D004E91CA /* standardRowsGrid.jpeg in Resources */,
				757CACF528AF080300B967AF /* buttonExample.jpeg in Resources */,
				756C0A9728974F10004E91CA /* polygonTool.jpeg in Resources */,
			);
			runOnlyForDeploymentPostprocessing = 0;
		};
/* End PBXResourcesBuildPhase section */

/* Begin PBXSourcesBuildPhase section */
		756C0A7828974A40004E91CA /* Sources */ = {
			isa = PBXSourcesBuildPhase;
			buildActionMask = 2147483647;
			files = (
				756C0A8028974A40004E91CA /* FigmaDesignApp.swift in Sources */,
				756C0A8228974A40004E91CA /* FigmaDesignDocument.swift in Sources */,
				756C0A8428974A40004E91CA /* ContentView.swift in Sources */,
			);
			runOnlyForDeploymentPostprocessing = 0;
		};
/* End PBXSourcesBuildPhase section */

/* Begin XCBuildConfiguration section */
		756C0A8B28974A40004E91CA /* Debug */ = {
			isa = XCBuildConfiguration;
			buildSettings = {
				ALWAYS_SEARCH_USER_PATHS = NO;
				CLANG_ANALYZER_NONNULL = YES;
				CLANG_ANALYZER_NUMBER_OBJECT_CONVERSION = YES_AGGRESSIVE;
				CLANG_CXX_LANGUAGE_STANDARD = "gnu++17";
				CLANG_CXX_LIBRARY = "libc++";
				CLANG_ENABLE_MODULES = YES;
				CLANG_ENABLE_OBJC_ARC = YES;
				CLANG_ENABLE_OBJC_WEAK = YES;
				CLANG_WARN_BLOCK_CAPTURE_AUTORELEASING = YES;
				CLANG_WARN_BOOL_CONVERSION = YES;
				CLANG_WARN_COMMA = YES;
				CLANG_WARN_CONSTANT_CONVERSION = YES;
				CLANG_WARN_DEPRECATED_OBJC_IMPLEMENTATIONS = YES;
				CLANG_WARN_DIRECT_OBJC_ISA_USAGE = YES_ERROR;
				CLANG_WARN_DOCUMENTATION_COMMENTS = YES;
				CLANG_WARN_EMPTY_BODY = YES;
				CLANG_WARN_ENUM_CONVERSION = YES;
				CLANG_WARN_INFINITE_RECURSION = YES;
				CLANG_WARN_INT_CONVERSION = YES;
				CLANG_WARN_NON_LITERAL_NULL_CONVERSION = YES;
				CLANG_WARN_OBJC_IMPLICIT_RETAIN_SELF = YES;
				CLANG_WARN_OBJC_LITERAL_CONVERSION = YES;
				CLANG_WARN_OBJC_ROOT_CLASS = YES_ERROR;
				CLANG_WARN_QUOTED_INCLUDE_IN_FRAMEWORK_HEADER = YES;
				CLANG_WARN_RANGE_LOOP_ANALYSIS = YES;
				CLANG_WARN_STRICT_PROTOTYPES = YES;
				CLANG_WARN_SUSPICIOUS_MOVE = YES;
				CLANG_WARN_UNGUARDED_AVAILABILITY = YES_AGGRESSIVE;
				CLANG_WARN_UNREACHABLE_CODE = YES;
				CLANG_WARN__DUPLICATE_METHOD_MATCH = YES;
				COPY_PHASE_STRIP = NO;
				DEBUG_INFORMATION_FORMAT = dwarf;
				ENABLE_STRICT_OBJC_MSGSEND = YES;
				ENABLE_TESTABILITY = YES;
				GCC_C_LANGUAGE_STANDARD = gnu11;
				GCC_DYNAMIC_NO_PIC = NO;
				GCC_NO_COMMON_BLOCKS = YES;
				GCC_OPTIMIZATION_LEVEL = 0;
				GCC_PREPROCESSOR_DEFINITIONS = (
					"DEBUG=1",
					"$(inherited)",
				);
				GCC_WARN_64_TO_32_BIT_CONVERSION = YES;
				GCC_WARN_ABOUT_RETURN_TYPE = YES_ERROR;
				GCC_WARN_UNDECLARED_SELECTOR = YES;
				GCC_WARN_UNINITIALIZED_AUTOS = YES_AGGRESSIVE;
				GCC_WARN_UNUSED_FUNCTION = YES;
				GCC_WARN_UNUSED_VARIABLE = YES;
				IPHONEOS_DEPLOYMENT_TARGET = 15.2;
				MTL_ENABLE_DEBUG_INFO = INCLUDE_SOURCE;
				MTL_FAST_MATH = YES;
				ONLY_ACTIVE_ARCH = YES;
				SDKROOT = iphoneos;
				SWIFT_ACTIVE_COMPILATION_CONDITIONS = DEBUG;
				SWIFT_OPTIMIZATION_LEVEL = "-Onone";
			};
			name = Debug;
		};
		756C0A8C28974A40004E91CA /* Release */ = {
			isa = XCBuildConfiguration;
			buildSettings = {
				ALWAYS_SEARCH_USER_PATHS = NO;
				CLANG_ANALYZER_NONNULL = YES;
				CLANG_ANALYZER_NUMBER_OBJECT_CONVERSION = YES_AGGRESSIVE;
				CLANG_CXX_LANGUAGE_STANDARD = "gnu++17";
				CLANG_CXX_LIBRARY = "libc++";
				CLANG_ENABLE_MODULES = YES;
				CLANG_ENABLE_OBJC_ARC = YES;
				CLANG_ENABLE_OBJC_WEAK = YES;
				CLANG_WARN_BLOCK_CAPTURE_AUTORELEASING = YES;
				CLANG_WARN_BOOL_CONVERSION = YES;
				CLANG_WARN_COMMA = YES;
				CLANG_WARN_CONSTANT_CONVERSION = YES;
				CLANG_WARN_DEPRECATED_OBJC_IMPLEMENTATIONS = YES;
				CLANG_WARN_DIRECT_OBJC_ISA_USAGE = YES_ERROR;
				CLANG_WARN_DOCUMENTATION_COMMENTS = YES;
				CLANG_WARN_EMPTY_BODY = YES;
				CLANG_WARN_ENUM_CONVERSION = YES;
				CLANG_WARN_INFINITE_RECURSION = YES;
				CLANG_WARN_INT_CONVERSION = YES;
				CLANG_WARN_NON_LITERAL_NULL_CONVERSION = YES;
				CLANG_WARN_OBJC_IMPLICIT_RETAIN_SELF = YES;
				CLANG_WARN_OBJC_LITERAL_CONVERSION = YES;
				CLANG_WARN_OBJC_ROOT_CLASS = YES_ERROR;
				CLANG_WARN_QUOTED_INCLUDE_IN_FRAMEWORK_HEADER = YES;
				CLANG_WARN_RANGE_LOOP_ANALYSIS = YES;
				CLANG_WARN_STRICT_PROTOTYPES = YES;
				CLANG_WARN_SUSPICIOUS_MOVE = YES;
				CLANG_WARN_UNGUARDED_AVAILABILITY = YES_AGGRESSIVE;
				CLANG_WARN_UNREACHABLE_CODE = YES;
				CLANG_WARN__DUPLICATE_METHOD_MATCH = YES;
				COPY_PHASE_STRIP = NO;
				DEBUG_INFORMATION_FORMAT = "dwarf-with-dsym";
				ENABLE_NS_ASSERTIONS = NO;
				ENABLE_STRICT_OBJC_MSGSEND = YES;
				GCC_C_LANGUAGE_STANDARD = gnu11;
				GCC_NO_COMMON_BLOCKS = YES;
				GCC_WARN_64_TO_32_BIT_CONVERSION = YES;
				GCC_WARN_ABOUT_RETURN_TYPE = YES_ERROR;
				GCC_WARN_UNDECLARED_SELECTOR = YES;
				GCC_WARN_UNINITIALIZED_AUTOS = YES_AGGRESSIVE;
				GCC_WARN_UNUSED_FUNCTION = YES;
				GCC_WARN_UNUSED_VARIABLE = YES;
				IPHONEOS_DEPLOYMENT_TARGET = 15.2;
				MTL_ENABLE_DEBUG_INFO = NO;
				MTL_FAST_MATH = YES;
				SDKROOT = iphoneos;
				SWIFT_COMPILATION_MODE = wholemodule;
				SWIFT_OPTIMIZATION_LEVEL = "-O";
				VALIDATE_PRODUCT = YES;
			};
			name = Release;
		};
		756C0A8E28974A40004E91CA /* Debug */ = {
			isa = XCBuildConfiguration;
			buildSettings = {
				ASSETCATALOG_COMPILER_APPICON_NAME = AppIcon;
				ASSETCATALOG_COMPILER_GLOBAL_ACCENT_COLOR_NAME = AccentColor;
				CODE_SIGN_STYLE = Automatic;
				CURRENT_PROJECT_VERSION = 1;
				DEVELOPMENT_ASSET_PATHS = "\"FigmaDesign/Preview Content\"";
				DEVELOPMENT_TEAM = 6DR6N9843T;
				ENABLE_PREVIEWS = YES;
				GENERATE_INFOPLIST_FILE = YES;
				INFOPLIST_FILE = FigmaDesign/Info.plist;
				INFOPLIST_KEY_UIApplicationSceneManifest_Generation = YES;
				INFOPLIST_KEY_UIApplicationSupportsIndirectInputEvents = YES;
				INFOPLIST_KEY_UILaunchScreen_Generation = YES;
				INFOPLIST_KEY_UISupportedInterfaceOrientations_iPad = "UIInterfaceOrientationPortrait UIInterfaceOrientationPortraitUpsideDown UIInterfaceOrientationLandscapeLeft UIInterfaceOrientationLandscapeRight";
				INFOPLIST_KEY_UISupportedInterfaceOrientations_iPhone = "UIInterfaceOrientationPortrait UIInterfaceOrientationLandscapeLeft UIInterfaceOrientationLandscapeRight";
				INFOPLIST_KEY_UISupportsDocumentBrowser = YES;
				LD_RUNPATH_SEARCH_PATHS = (
					"$(inherited)",
					"@executable_path/Frameworks",
				);
				MARKETING_VERSION = 1.0;
				PRODUCT_BUNDLE_IDENTIFIER = agholson.FigmaDesign;
				PRODUCT_NAME = "$(TARGET_NAME)";
				SWIFT_EMIT_LOC_STRINGS = YES;
				SWIFT_VERSION = 5.0;
				TARGETED_DEVICE_FAMILY = "1,2";
			};
			name = Debug;
		};
		756C0A8F28974A40004E91CA /* Release */ = {
			isa = XCBuildConfiguration;
			buildSettings = {
				ASSETCATALOG_COMPILER_APPICON_NAME = AppIcon;
				ASSETCATALOG_COMPILER_GLOBAL_ACCENT_COLOR_NAME = AccentColor;
				CODE_SIGN_STYLE = Automatic;
				CURRENT_PROJECT_VERSION = 1;
				DEVELOPMENT_ASSET_PATHS = "\"FigmaDesign/Preview Content\"";
				DEVELOPMENT_TEAM = 6DR6N9843T;
				ENABLE_PREVIEWS = YES;
				GENERATE_INFOPLIST_FILE = YES;
				INFOPLIST_FILE = FigmaDesign/Info.plist;
				INFOPLIST_KEY_UIApplicationSceneManifest_Generation = YES;
				INFOPLIST_KEY_UIApplicationSupportsIndirectInputEvents = YES;
				INFOPLIST_KEY_UILaunchScreen_Generation = YES;
				INFOPLIST_KEY_UISupportedInterfaceOrientations_iPad = "UIInterfaceOrientationPortrait UIInterfaceOrientationPortraitUpsideDown UIInterfaceOrientationLandscapeLeft UIInterfaceOrientationLandscapeRight";
				INFOPLIST_KEY_UISupportedInterfaceOrientations_iPhone = "UIInterfaceOrientationPortrait UIInterfaceOrientationLandscapeLeft UIInterfaceOrientationLandscapeRight";
				INFOPLIST_KEY_UISupportsDocumentBrowser = YES;
				LD_RUNPATH_SEARCH_PATHS = (
					"$(inherited)",
					"@executable_path/Frameworks",
				);
				MARKETING_VERSION = 1.0;
				PRODUCT_BUNDLE_IDENTIFIER = agholson.FigmaDesign;
				PRODUCT_NAME = "$(TARGET_NAME)";
				SWIFT_EMIT_LOC_STRINGS = YES;
				SWIFT_VERSION = 5.0;
				TARGETED_DEVICE_FAMILY = "1,2";
			};
			name = Release;
		};
/* End XCBuildConfiguration section */

/* Begin XCConfigurationList section */
		756C0A7728974A40004E91CA /* Build configuration list for PBXProject "FigmaDesign" */ = {
			isa = XCConfigurationList;
			buildConfigurations = (
				756C0A8B28974A40004E91CA /* Debug */,
				756C0A8C28974A40004E91CA /* Release */,
			);
			defaultConfigurationIsVisible = 0;
			defaultConfigurationName = Release;
		};
		756C0A8D28974A40004E91CA /* Build configuration list for PBXNativeTarget "FigmaDesign" */ = {
			isa = XCConfigurationList;
			buildConfigurations = (
				756C0A8E28974A40004E91CA /* Debug */,
				756C0A8F28974A40004E91CA /* Release */,
			);
			defaultConfigurationIsVisible = 0;
			defaultConfigurationName = Release;
		};
/* End XCConfigurationList section */
	};
	rootObject = 756C0A7428974A40004E91CA /* Project object */;
}
